
Microsoft Visual Studio Solution File, Format Version 12.00
# Visual Studio Version 16
VisualStudioVersion = 16.0.30320.27
MinimumVisualStudioVersion = 10.0.40219.1
Project("{8BC9CEB8-8B4A-11D0-8D11-00A0C91BC942}") = "HelloWorld", "HelloWorld\HelloWorld.vcxproj", "{12C6AA26-E105-4669-AF2E-1DE1780F8BED}"
EndProject
Project("{8BC9CEB8-8B4A-11D0-8D11-00A0C91BC942}") = "SimpleAdder", "SimpleAdder\SimpleAdder.vcxproj", "{5A8679A9-75F9-45EF-B80F-A9080E6AF86C}"
EndProject
Project("{8BC9CEB8-8B4A-11D0-8D11-00A0C91BC942}") = "BetweenAdder", "BetweenAdder\BetweenAdder.vcxproj", "{62E7F2F6-C75C-4523-AE14-3E1F2AE16596}"
EndProject
Project("{8BC9CEB8-8B4A-11D0-8D11-00A0C91BC942}") = "StringIO", "StringIO\StringIO.vcxproj", "{A22D21A2-B4DD-4295-A17B-8C5C6D8645C6}"
EndProject
Project("{8BC9CEB8-8B4A-11D0-8D11-00A0C91BC942}") = "p1_1_1", "p1_1_1\p1_1_1.vcxproj", "{23953484-962B-4923-9039-D535F62FA91B}"
EndProject
Project("{8BC9CEB8-8B4A-11D0-8D11-00A0C91BC942}") = "p1_1_2", "p1_1_2\p1_1_2.vcxproj", "{1A196B00-C556-47B9-9EE9-7BE61C8FAD19}"
EndProject
Project("{8BC9CEB8-8B4A-11D0-8D11-00A0C91BC942}") = "p1_1_3", "p1_1_3\p1_1_3.vcxproj", "{D44FCA97-7017-4D60-A9C7-023108A7F224}"
EndProject
Project("{8BC9CEB8-8B4A-11D0-8D11-00A0C91BC942}") = "p1_1_4", "p1_1_4\p1_1_4.vcxproj", "{CD06C5F0-45F4-4DE0-A40A-58A67E188D87}"
EndProject
Project("{8BC9CEB8-8B4A-11D0-8D11-00A0C91BC942}") = "FunctionOverloading", "FunctionOverloading\FunctionOverloading.vcxproj", "{8ABE67F7-D82A-474A-85C7-C52C883275C4}"
EndProject
Project("{8BC9CEB8-8B4A-11D0-8D11-00A0C91BC942}") = "p1_2", "p1_2\p1_2.vcxproj", "{5A6A7753-BB38-4718-BE32-8F5AC07641FF}"
EndProject
Project("{8BC9CEB8-8B4A-11D0-8D11-00A0C91BC942}") = "DefaultValue1", "DefaultValue1\DefaultValue1.vcxproj", "{F8A6D433-2CA3-4F29-9787-210741EE4CFF}"
EndProject
Project("{8BC9CEB8-8B4A-11D0-8D11-00A0C91BC942}") = "DefaultValue2", "DefaultValue2\DefaultValue2.vcxproj", "{785BD0CB-DF1F-4A8A-A2C6-F1A36B1C6D85}"
EndProject
Project("{8BC9CEB8-8B4A-11D0-8D11-00A0C91BC942}") = "DefaultValue3", "DefaultValue3\DefaultValue3.vcxproj", "{7BB97721-1296-410D-89E5-5A1384780EBA}"
EndProject
Project("{8BC9CEB8-8B4A-11D0-8D11-00A0C91BC942}") = "p1_3_1", "p1_3_1\p1_3_1.vcxproj", "{C7E7E2B8-C42D-48C5-8885-9D1456F0A875}"
EndProject
Project("{8BC9CEB8-8B4A-11D0-8D11-00A0C91BC942}") = "p1_3_2", "p1_3_2\p1_3_2.vcxproj", "{1BE0B044-E99D-44C7-B0A3-94C68B88FD39}"
EndProject
Project("{8BC9CEB8-8B4A-11D0-8D11-00A0C91BC942}") = "InlineFunc", "InlineFunc\InlineFunc.vcxproj", "{050702AE-A7D4-41AA-9FD9-76BCF3CB970A}"
EndProject
Project("{8BC9CEB8-8B4A-11D0-8D11-00A0C91BC942}") = "NameSp1", "NameSp1\NameSp1.vcxproj", "{7DB7AB77-00A4-46B3-B454-187B2ADFEB3E}"
EndProject
Project("{8BC9CEB8-8B4A-11D0-8D11-00A0C91BC942}") = "NameSp2", "NameSp2\NameSp2.vcxproj", "{792139CB-3944-4041-9C11-F50723A29880}"
EndProject
Project("{8BC9CEB8-8B4A-11D0-8D11-00A0C91BC942}") = "NameSp3", "NameSp3\NameSp3.vcxproj", "{39A49075-0AEE-421D-91C5-7CC5EA5DD935}"
EndProject
Project("{8BC9CEB8-8B4A-11D0-8D11-00A0C91BC942}") = "p1_4", "p1_4\p1_4.vcxproj", "{4E32F91A-84CF-4553-B16F-374355FFE138}"
EndProject
Project("{8BC9CEB8-8B4A-11D0-8D11-00A0C91BC942}") = "UsingDcl1", "UsingDcl1\UsingDcl1.vcxproj", "{5AA5A9C3-44A2-4D21-A097-6041ED737820}"
EndProject
Global
	GlobalSection(SolutionConfigurationPlatforms) = preSolution
		Debug|x64 = Debug|x64
		Debug|x86 = Debug|x86
		Release|x64 = Release|x64
		Release|x86 = Release|x86
	EndGlobalSection
	GlobalSection(ProjectConfigurationPlatforms) = postSolution
		{12C6AA26-E105-4669-AF2E-1DE1780F8BED}.Debug|x64.ActiveCfg = Debug|x64
		{12C6AA26-E105-4669-AF2E-1DE1780F8BED}.Debug|x64.Build.0 = Debug|x64
		{12C6AA26-E105-4669-AF2E-1DE1780F8BED}.Debug|x86.ActiveCfg = Debug|Win32
		{12C6AA26-E105-4669-AF2E-1DE1780F8BED}.Debug|x86.Build.0 = Debug|Win32
		{12C6AA26-E105-4669-AF2E-1DE1780F8BED}.Release|x64.ActiveCfg = Release|x64
		{12C6AA26-E105-4669-AF2E-1DE1780F8BED}.Release|x64.Build.0 = Release|x64
		{12C6AA26-E105-4669-AF2E-1DE1780F8BED}.Release|x86.ActiveCfg = Release|Win32
		{12C6AA26-E105-4669-AF2E-1DE1780F8BED}.Release|x86.Build.0 = Release|Win32
		{5A8679A9-75F9-45EF-B80F-A9080E6AF86C}.Debug|x64.ActiveCfg = Debug|x64
		{5A8679A9-75F9-45EF-B80F-A9080E6AF86C}.Debug|x64.Build.0 = Debug|x64
		{5A8679A9-75F9-45EF-B80F-A9080E6AF86C}.Debug|x86.ActiveCfg = Debug|Win32
		{5A8679A9-75F9-45EF-B80F-A9080E6AF86C}.Debug|x86.Build.0 = Debug|Win32
		{5A8679A9-75F9-45EF-B80F-A9080E6AF86C}.Release|x64.ActiveCfg = Release|x64
		{5A8679A9-75F9-45EF-B80F-A9080E6AF86C}.Release|x64.Build.0 = Release|x64
		{5A8679A9-75F9-45EF-B80F-A9080E6AF86C}.Release|x86.ActiveCfg = Release|Win32
		{5A8679A9-75F9-45EF-B80F-A9080E6AF86C}.Release|x86.Build.0 = Release|Win32
		{62E7F2F6-C75C-4523-AE14-3E1F2AE16596}.Debug|x64.ActiveCfg = Debug|x64
		{62E7F2F6-C75C-4523-AE14-3E1F2AE16596}.Debug|x64.Build.0 = Debug|x64
		{62E7F2F6-C75C-4523-AE14-3E1F2AE16596}.Debug|x86.ActiveCfg = Debug|Win32
		{62E7F2F6-C75C-4523-AE14-3E1F2AE16596}.Debug|x86.Build.0 = Debug|Win32
		{62E7F2F6-C75C-4523-AE14-3E1F2AE16596}.Release|x64.ActiveCfg = Release|x64
		{62E7F2F6-C75C-4523-AE14-3E1F2AE16596}.Release|x64.Build.0 = Release|x64
		{62E7F2F6-C75C-4523-AE14-3E1F2AE16596}.Release|x86.ActiveCfg = Release|Win32
		{62E7F2F6-C75C-4523-AE14-3E1F2AE16596}.Release|x86.Build.0 = Release|Win32
		{A22D21A2-B4DD-4295-A17B-8C5C6D8645C6}.Debug|x64.ActiveCfg = Debug|x64
		{A22D21A2-B4DD-4295-A17B-8C5C6D8645C6}.Debug|x64.Build.0 = Debug|x64
		{A22D21A2-B4DD-4295-A17B-8C5C6D8645C6}.Debug|x86.ActiveCfg = Debug|Win32
		{A22D21A2-B4DD-4295-A17B-8C5C6D8645C6}.Debug|x86.Build.0 = Debug|Win32
		{A22D21A2-B4DD-4295-A17B-8C5C6D8645C6}.Release|x64.ActiveCfg = Release|x64
		{A22D21A2-B4DD-4295-A17B-8C5C6D8645C6}.Release|x64.Build.0 = Release|x64
		{A22D21A2-B4DD-4295-A17B-8C5C6D8645C6}.Release|x86.ActiveCfg = Release|Win32
		{A22D21A2-B4DD-4295-A17B-8C5C6D8645C6}.Release|x86.Build.0 = Release|Win32
		{23953484-962B-4923-9039-D535F62FA91B}.Debug|x64.ActiveCfg = Debug|x64
		{23953484-962B-4923-9039-D535F62FA91B}.Debug|x64.Build.0 = Debug|x64
		{23953484-962B-4923-9039-D535F62FA91B}.Debug|x86.ActiveCfg = Debug|Win32
		{23953484-962B-4923-9039-D535F62FA91B}.Debug|x86.Build.0 = Debug|Win32
		{23953484-962B-4923-9039-D535F62FA91B}.Release|x64.ActiveCfg = Release|x64
		{23953484-962B-4923-9039-D535F62FA91B}.Release|x64.Build.0 = Release|x64
		{23953484-962B-4923-9039-D535F62FA91B}.Release|x86.ActiveCfg = Release|Win32
		{23953484-962B-4923-9039-D535F62FA91B}.Release|x86.Build.0 = Release|Win32
		{1A196B00-C556-47B9-9EE9-7BE61C8FAD19}.Debug|x64.ActiveCfg = Debug|x64
		{1A196B00-C556-47B9-9EE9-7BE61C8FAD19}.Debug|x64.Build.0 = Debug|x64
		{1A196B00-C556-47B9-9EE9-7BE61C8FAD19}.Debug|x86.ActiveCfg = Debug|Win32
		{1A196B00-C556-47B9-9EE9-7BE61C8FAD19}.Debug|x86.Build.0 = Debug|Win32
		{1A196B00-C556-47B9-9EE9-7BE61C8FAD19}.Release|x64.ActiveCfg = Release|x64
		{1A196B00-C556-47B9-9EE9-7BE61C8FAD19}.Release|x64.Build.0 = Release|x64
		{1A196B00-C556-47B9-9EE9-7BE61C8FAD19}.Release|x86.ActiveCfg = Release|Win32
		{1A196B00-C556-47B9-9EE9-7BE61C8FAD19}.Release|x86.Build.0 = Release|Win32
		{D44FCA97-7017-4D60-A9C7-023108A7F224}.Debug|x64.ActiveCfg = Debug|x64
		{D44FCA97-7017-4D60-A9C7-023108A7F224}.Debug|x64.Build.0 = Debug|x64
		{D44FCA97-7017-4D60-A9C7-023108A7F224}.Debug|x86.ActiveCfg = Debug|Win32
		{D44FCA97-7017-4D60-A9C7-023108A7F224}.Debug|x86.Build.0 = Debug|Win32
		{D44FCA97-7017-4D60-A9C7-023108A7F224}.Release|x64.ActiveCfg = Release|x64
		{D44FCA97-7017-4D60-A9C7-023108A7F224}.Release|x64.Build.0 = Release|x64
		{D44FCA97-7017-4D60-A9C7-023108A7F224}.Release|x86.ActiveCfg = Release|Win32
		{D44FCA97-7017-4D60-A9C7-023108A7F224}.Release|x86.Build.0 = Release|Win32
		{CD06C5F0-45F4-4DE0-A40A-58A67E188D87}.Debug|x64.ActiveCfg = Debug|x64
		{CD06C5F0-45F4-4DE0-A40A-58A67E188D87}.Debug|x64.Build.0 = Debug|x64
		{CD06C5F0-45F4-4DE0-A40A-58A67E188D87}.Debug|x86.ActiveCfg = Debug|Win32
		{CD06C5F0-45F4-4DE0-A40A-58A67E188D87}.Debug|x86.Build.0 = Debug|Win32
		{CD06C5F0-45F4-4DE0-A40A-58A67E188D87}.Release|x64.ActiveCfg = Release|x64
		{CD06C5F0-45F4-4DE0-A40A-58A67E188D87}.Release|x64.Build.0 = Release|x64
		{CD06C5F0-45F4-4DE0-A40A-58A67E188D87}.Release|x86.ActiveCfg = Release|Win32
		{CD06C5F0-45F4-4DE0-A40A-58A67E188D87}.Release|x86.Build.0 = Release|Win32
		{8ABE67F7-D82A-474A-85C7-C52C883275C4}.Debug|x64.ActiveCfg = Debug|x64
		{8ABE67F7-D82A-474A-85C7-C52C883275C4}.Debug|x64.Build.0 = Debug|x64
		{8ABE67F7-D82A-474A-85C7-C52C883275C4}.Debug|x86.ActiveCfg = Debug|Win32
		{8ABE67F7-D82A-474A-85C7-C52C883275C4}.Debug|x86.Build.0 = Debug|Win32
		{8ABE67F7-D82A-474A-85C7-C52C883275C4}.Release|x64.ActiveCfg = Release|x64
		{8ABE67F7-D82A-474A-85C7-C52C883275C4}.Release|x64.Build.0 = Release|x64
		{8ABE67F7-D82A-474A-85C7-C52C883275C4}.Release|x86.ActiveCfg = Release|Win32
		{8ABE67F7-D82A-474A-85C7-C52C883275C4}.Release|x86.Build.0 = Release|Win32
		{5A6A7753-BB38-4718-BE32-8F5AC07641FF}.Debug|x64.ActiveCfg = Debug|x64
		{5A6A7753-BB38-4718-BE32-8F5AC07641FF}.Debug|x64.Build.0 = Debug|x64
		{5A6A7753-BB38-4718-BE32-8F5AC07641FF}.Debug|x86.ActiveCfg = Debug|Win32
		{5A6A7753-BB38-4718-BE32-8F5AC07641FF}.Debug|x86.Build.0 = Debug|Win32
		{5A6A7753-BB38-4718-BE32-8F5AC07641FF}.Release|x64.ActiveCfg = Release|x64
		{5A6A7753-BB38-4718-BE32-8F5AC07641FF}.Release|x64.Build.0 = Release|x64
		{5A6A7753-BB38-4718-BE32-8F5AC07641FF}.Release|x86.ActiveCfg = Release|Win32
		{5A6A7753-BB38-4718-BE32-8F5AC07641FF}.Release|x86.Build.0 = Release|Win32
		{F8A6D433-2CA3-4F29-9787-210741EE4CFF}.Debug|x64.ActiveCfg = Debug|x64
		{F8A6D433-2CA3-4F29-9787-210741EE4CFF}.Debug|x64.Build.0 = Debug|x64
		{F8A6D433-2CA3-4F29-9787-210741EE4CFF}.Debug|x86.ActiveCfg = Debug|Win32
		{F8A6D433-2CA3-4F29-9787-210741EE4CFF}.Debug|x86.Build.0 = Debug|Win32
		{F8A6D433-2CA3-4F29-9787-210741EE4CFF}.Release|x64.ActiveCfg = Release|x64
		{F8A6D433-2CA3-4F29-9787-210741EE4CFF}.Release|x64.Build.0 = Release|x64
		{F8A6D433-2CA3-4F29-9787-210741EE4CFF}.Release|x86.ActiveCfg = Release|Win32
		{F8A6D433-2CA3-4F29-9787-210741EE4CFF}.Release|x86.Build.0 = Release|Win32
		{785BD0CB-DF1F-4A8A-A2C6-F1A36B1C6D85}.Debug|x64.ActiveCfg = Debug|x64
		{785BD0CB-DF1F-4A8A-A2C6-F1A36B1C6D85}.Debug|x64.Build.0 = Debug|x64
		{785BD0CB-DF1F-4A8A-A2C6-F1A36B1C6D85}.Debug|x86.ActiveCfg = Debug|Win32
		{785BD0CB-DF1F-4A8A-A2C6-F1A36B1C6D85}.Debug|x86.Build.0 = Debug|Win32
		{785BD0CB-DF1F-4A8A-A2C6-F1A36B1C6D85}.Release|x64.ActiveCfg = Release|x64
		{785BD0CB-DF1F-4A8A-A2C6-F1A36B1C6D85}.Release|x64.Build.0 = Release|x64
		{785BD0CB-DF1F-4A8A-A2C6-F1A36B1C6D85}.Release|x86.ActiveCfg = Release|Win32
		{785BD0CB-DF1F-4A8A-A2C6-F1A36B1C6D85}.Release|x86.Build.0 = Release|Win32
		{7BB97721-1296-410D-89E5-5A1384780EBA}.Debug|x64.ActiveCfg = Debug|x64
		{7BB97721-1296-410D-89E5-5A1384780EBA}.Debug|x64.Build.0 = Debug|x64
		{7BB97721-1296-410D-89E5-5A1384780EBA}.Debug|x86.ActiveCfg = Debug|Win32
		{7BB97721-1296-410D-89E5-5A1384780EBA}.Debug|x86.Build.0 = Debug|Win32
		{7BB97721-1296-410D-89E5-5A1384780EBA}.Release|x64.ActiveCfg = Release|x64
		{7BB97721-1296-410D-89E5-5A1384780EBA}.Release|x64.Build.0 = Release|x64
		{7BB97721-1296-410D-89E5-5A1384780EBA}.Release|x86.ActiveCfg = Release|Win32
		{7BB97721-1296-410D-89E5-5A1384780EBA}.Release|x86.Build.0 = Release|Win32
		{C7E7E2B8-C42D-48C5-8885-9D1456F0A875}.Debug|x64.ActiveCfg = Debug|x64
		{C7E7E2B8-C42D-48C5-8885-9D1456F0A875}.Debug|x64.Build.0 = Debug|x64
		{C7E7E2B8-C42D-48C5-8885-9D1456F0A875}.Debug|x86.ActiveCfg = Debug|Win32
		{C7E7E2B8-C42D-48C5-8885-9D1456F0A875}.Debug|x86.Build.0 = Debug|Win32
		{C7E7E2B8-C42D-48C5-8885-9D1456F0A875}.Release|x64.ActiveCfg = Release|x64
		{C7E7E2B8-C42D-48C5-8885-9D1456F0A875}.Release|x64.Build.0 = Release|x64
		{C7E7E2B8-C42D-48C5-8885-9D1456F0A875}.Release|x86.ActiveCfg = Release|Win32
		{C7E7E2B8-C42D-48C5-8885-9D1456F0A875}.Release|x86.Build.0 = Release|Win32
		{1BE0B044-E99D-44C7-B0A3-94C68B88FD39}.Debug|x64.ActiveCfg = Debug|x64
		{1BE0B044-E99D-44C7-B0A3-94C68B88FD39}.Debug|x64.Build.0 = Debug|x64
		{1BE0B044-E99D-44C7-B0A3-94C68B88FD39}.Debug|x86.ActiveCfg = Debug|Win32
		{1BE0B044-E99D-44C7-B0A3-94C68B88FD39}.Debug|x86.Build.0 = Debug|Win32
		{1BE0B044-E99D-44C7-B0A3-94C68B88FD39}.Release|x64.ActiveCfg = Release|x64
		{1BE0B044-E99D-44C7-B0A3-94C68B88FD39}.Release|x64.Build.0 = Release|x64
		{1BE0B044-E99D-44C7-B0A3-94C68B88FD39}.Release|x86.ActiveCfg = Release|Win32
		{1BE0B044-E99D-44C7-B0A3-94C68B88FD39}.Release|x86.Build.0 = Release|Win32
		{050702AE-A7D4-41AA-9FD9-76BCF3CB970A}.Debug|x64.ActiveCfg = Debug|x64
		{050702AE-A7D4-41AA-9FD9-76BCF3CB970A}.Debug|x64.Build.0 = Debug|x64
		{050702AE-A7D4-41AA-9FD9-76BCF3CB970A}.Debug|x86.ActiveCfg = Debug|Win32
		{050702AE-A7D4-41AA-9FD9-76BCF3CB970A}.Debug|x86.Build.0 = Debug|Win32
		{050702AE-A7D4-41AA-9FD9-76BCF3CB970A}.Release|x64.ActiveCfg = Release|x64
		{050702AE-A7D4-41AA-9FD9-76BCF3CB970A}.Release|x64.Build.0 = Release|x64
		{050702AE-A7D4-41AA-9FD9-76BCF3CB970A}.Release|x86.ActiveCfg = Release|Win32
		{050702AE-A7D4-41AA-9FD9-76BCF3CB970A}.Release|x86.Build.0 = Release|Win32
		{7DB7AB77-00A4-46B3-B454-187B2ADFEB3E}.Debug|x64.ActiveCfg = Debug|x64
		{7DB7AB77-00A4-46B3-B454-187B2ADFEB3E}.Debug|x64.Build.0 = Debug|x64
		{7DB7AB77-00A4-46B3-B454-187B2ADFEB3E}.Debug|x86.ActiveCfg = Debug|Win32
		{7DB7AB77-00A4-46B3-B454-187B2ADFEB3E}.Debug|x86.Build.0 = Debug|Win32
		{7DB7AB77-00A4-46B3-B454-187B2ADFEB3E}.Release|x64.ActiveCfg = Release|x64
		{7DB7AB77-00A4-46B3-B454-187B2ADFEB3E}.Release|x64.Build.0 = Release|x64
		{7DB7AB77-00A4-46B3-B454-187B2ADFEB3E}.Release|x86.ActiveCfg = Release|Win32
		{7DB7AB77-00A4-46B3-B454-187B2ADFEB3E}.Release|x86.Build.0 = Release|Win32
		{792139CB-3944-4041-9C11-F50723A29880}.Debug|x64.ActiveCfg = Debug|x64
		{792139CB-3944-4041-9C11-F50723A29880}.Debug|x64.Build.0 = Debug|x64
		{792139CB-3944-4041-9C11-F50723A29880}.Debug|x86.ActiveCfg = Debug|Win32
		{792139CB-3944-4041-9C11-F50723A29880}.Debug|x86.Build.0 = Debug|Win32
		{792139CB-3944-4041-9C11-F50723A29880}.Release|x64.ActiveCfg = Release|x64
		{792139CB-3944-4041-9C11-F50723A29880}.Release|x64.Build.0 = Release|x64
		{792139CB-3944-4041-9C11-F50723A29880}.Release|x86.ActiveCfg = Release|Win32
		{792139CB-3944-4041-9C11-F50723A29880}.Release|x86.Build.0 = Release|Win32
		{39A49075-0AEE-421D-91C5-7CC5EA5DD935}.Debug|x64.ActiveCfg = Debug|x64
		{39A49075-0AEE-421D-91C5-7CC5EA5DD935}.Debug|x64.Build.0 = Debug|x64
		{39A49075-0AEE-421D-91C5-7CC5EA5DD935}.Debug|x86.ActiveCfg = Debug|Win32
		{39A49075-0AEE-421D-91C5-7CC5EA5DD935}.Debug|x86.Build.0 = Debug|Win32
		{39A49075-0AEE-421D-91C5-7CC5EA5DD935}.Release|x64.ActiveCfg = Release|x64
		{39A49075-0AEE-421D-91C5-7CC5EA5DD935}.Release|x64.Build.0 = Release|x64
		{39A49075-0AEE-421D-91C5-7CC5EA5DD935}.Release|x86.ActiveCfg = Release|Win32
		{39A49075-0AEE-421D-91C5-7CC5EA5DD935}.Release|x86.Build.0 = Release|Win32
		{4E32F91A-84CF-4553-B16F-374355FFE138}.Debug|x64.ActiveCfg = Debug|x64
		{4E32F91A-84CF-4553-B16F-374355FFE138}.Debug|x64.Build.0 = Debug|x64
		{4E32F91A-84CF-4553-B16F-374355FFE138}.Debug|x86.ActiveCfg = Debug|Win32
		{4E32F91A-84CF-4553-B16F-374355FFE138}.Debug|x86.Build.0 = Debug|Win32
		{4E32F91A-84CF-4553-B16F-374355FFE138}.Release|x64.ActiveCfg = Release|x64
		{4E32F91A-84CF-4553-B16F-374355FFE138}.Release|x64.Build.0 = Release|x64
		{4E32F91A-84CF-4553-B16F-374355FFE138}.Release|x86.ActiveCfg = Release|Win32
		{4E32F91A-84CF-4553-B16F-374355FFE138}.Release|x86.Build.0 = Release|Win32
		{5AA5A9C3-44A2-4D21-A097-6041ED737820}.Debug|x64.ActiveCfg = Debug|x64
		{5AA5A9C3-44A2-4D21-A097-6041ED737820}.Debug|x64.Build.0 = Debug|x64
		{5AA5A9C3-44A2-4D21-A097-6041ED737820}.Debug|x86.ActiveCfg = Debug|Win32
		{5AA5A9C3-44A2-4D21-A097-6041ED737820}.Debug|x86.Build.0 = Debug|Win32
		{5AA5A9C3-44A2-4D21-A097-6041ED737820}.Release|x64.ActiveCfg = Release|x64
		{5AA5A9C3-44A2-4D21-A097-6041ED737820}.Release|x64.Build.0 = Release|x64
		{5AA5A9C3-44A2-4D21-A097-6041ED737820}.Release|x86.ActiveCfg = Release|Win32
		{5AA5A9C3-44A2-4D21-A097-6041ED737820}.Release|x86.Build.0 = Release|Win32
	EndGlobalSection
	GlobalSection(SolutionProperties) = preSolution
		HideSolutionNode = FALSE
	EndGlobalSection
	GlobalSection(ExtensibilityGlobals) = postSolution
		SolutionGuid = {3E0A4F67-290D-4136-AEB8-B9EAC5B7C934}
	EndGlobalSection
EndGlobal
